
Microsoft Visual Studio Solution File, Format Version 12.00
# Visual Studio 15
VisualStudioVersion = 15.0.28307.168
MinimumVisualStudioVersion = 10.0.40219.1
Project("{FAE04EC0-301F-11D3-BF4B-00C04F79EFBC}") = "NameSorter", "NameSorter\NameSorter.csproj", "{96BC2D35-98EC-4062-AFC6-3E36AA2FB643}"
EndProject
Project("{FAE04EC0-301F-11D3-BF4B-00C04F79EFBC}") = "NameSorterTests", "NameSorterTests\NameSorterTests.csproj", "{F8AB10D6-1718-4258-8EE3-11D4BA070E21}"
EndProject
Global
	GlobalSection(SolutionConfigurationPlatforms) = preSolution
		Debug|Any CPU = Debug|Any CPU
		Release|Any CPU = Release|Any CPU
	EndGlobalSection
	GlobalSection(ProjectConfigurationPlatforms) = postSolution
		{96BC2D35-98EC-4062-AFC6-3E36AA2FB643}.Debug|Any CPU.ActiveCfg = Debug|Any CPU
		{96BC2D35-98EC-4062-AFC6-3E36AA2FB643}.Debug|Any CPU.Build.0 = Debug|Any CPU
		{96BC2D35-98EC-4062-AFC6-3E36AA2FB643}.Release|Any CPU.ActiveCfg = Release|Any CPU
		{96BC2D35-98EC-4062-AFC6-3E36AA2FB643}.Release|Any CPU.Build.0 = Release|Any CPU
		{F8AB10D6-1718-4258-8EE3-11D4BA070E21}.Debug|Any CPU.ActiveCfg = Debug|Any CPU
		{F8AB10D6-1718-4258-8EE3-11D4BA070E21}.Debug|Any CPU.Build.0 = Debug|Any CPU
		{F8AB10D6-1718-4258-8EE3-11D4BA070E21}.Release|Any CPU.ActiveCfg = Release|Any CPU
		{F8AB10D6-1718-4258-8EE3-11D4BA070E21}.Release|Any CPU.Build.0 = Release|Any CPU
	EndGlobalSection
	GlobalSection(SolutionProperties) = preSolution
		HideSolutionNode = FALSE
	EndGlobalSection
	GlobalSection(ExtensibilityGlobals) = postSolution
		SolutionGuid = {07D2508D-5E86-4030-BCCF-F046E1F6729C}
	EndGlobalSection
EndGlobal
